
Microsoft Visual Studio Solution File, Format Version 12.00
# Visual Studio Version 17
VisualStudioVersion = 17.14.36414.22 d17.14
MinimumVisualStudioVersion = 10.0.40219.1
Project("{FAE04EC0-301F-11D3-BF4B-00C04F79EFBC}") = "Drill", "Drill\Drill.csproj", "{545009D6-A18C-4196-893F-232C869D83DA}"
EndProject
Global
	GlobalSection(SolutionConfigurationPlatforms) = preSolution
		Debug|ARM64 = Debug|ARM64
		Debug|x64 = Debug|x64
		Debug|x86 = Debug|x86
		Release|ARM64 = Release|ARM64
		Release|x64 = Release|x64
		Release|x86 = Release|x86
	EndGlobalSection
	GlobalSection(ProjectConfigurationPlatforms) = postSolution
		{545009D6-A18C-4196-893F-232C869D83DA}.Debug|ARM64.ActiveCfg = Debug|ARM64
		{545009D6-A18C-4196-893F-232C869D83DA}.Debug|ARM64.Build.0 = Debug|ARM64
		{545009D6-A18C-4196-893F-232C869D83DA}.Debug|ARM64.Deploy.0 = Debug|ARM64
		{545009D6-A18C-4196-893F-232C869D83DA}.Debug|x64.ActiveCfg = Debug|x64
		{545009D6-A18C-4196-893F-232C869D83DA}.Debug|x64.Build.0 = Debug|x64
		{545009D6-A18C-4196-893F-232C869D83DA}.Debug|x64.Deploy.0 = Debug|x64
		{545009D6-A18C-4196-893F-232C869D83DA}.Debug|x86.ActiveCfg = Debug|x86
		{545009D6-A18C-4196-893F-232C869D83DA}.Debug|x86.Build.0 = Debug|x86
		{545009D6-A18C-4196-893F-232C869D83DA}.Debug|x86.Deploy.0 = Debug|x86
		{545009D6-A18C-4196-893F-232C869D83DA}.Release|ARM64.ActiveCfg = Release|ARM64
		{545009D6-A18C-4196-893F-232C869D83DA}.Release|ARM64.Build.0 = Release|ARM64
		{545009D6-A18C-4196-893F-232C869D83DA}.Release|ARM64.Deploy.0 = Release|ARM64
		{545009D6-A18C-4196-893F-232C869D83DA}.Release|x64.ActiveCfg = Release|x64
		{545009D6-A18C-4196-893F-232C869D83DA}.Release|x64.Build.0 = Release|x64
		{545009D6-A18C-4196-893F-232C869D83DA}.Release|x64.Deploy.0 = Release|x64
		{545009D6-A18C-4196-893F-232C869D83DA}.Release|x86.ActiveCfg = Release|x86
		{545009D6-A18C-4196-893F-232C869D83DA}.Release|x86.Build.0 = Release|x86
		{545009D6-A18C-4196-893F-232C869D83DA}.Release|x86.Deploy.0 = Release|x86
	EndGlobalSection
	GlobalSection(SolutionProperties) = preSolution
		HideSolutionNode = FALSE
	EndGlobalSection
	GlobalSection(ExtensibilityGlobals) = postSolution
		SolutionGuid = {81E607F6-2D4E-4EB6-ABB8-090585C6EADB}
	EndGlobalSection
EndGlobal
